github.com/EndFirstCorp/onedb v0.0.0-20190912160132-7f0f00a2da43 h1:9MlLTrZ3YF9fO4LtWBQbgpDvv0BH7w4hZoChYHOf+d4=
github.com/EndFirstCorp/onedb v0.0.0-20190912160132-7f0f00a2da43/go.mod h1:gn9yNOE+zqRkXTxYV8ogHiHfpSel067Q1jdktwYD4VY=
github.com/garyburd/redigo v1.6.0 h1:0VruCpn7yAIIu7pWVClQC8wxCJEcG3nyzpMSHKi1PQc=
github.com/garyburd/redigo v1.6.0/go.mod h1:NR3MbYisc3/PwhQ00EMzDiPmrwpPxAn5GI05/YaO1SY=
github.com/pkg/errors v0.8.1 h1:iURUrRGxPUNPdy5/HRSm+Yj6okJ6UtLINN0Q9M4+h3I=
github.com/pkg/errors v0.8.1/go.mod h1:bwawxfHBFNV+L2hUp1rHADufV3IMtnDRdf1r5NINEl0=
